
Microsoft Visual Studio Solution File, Format Version 12.00
# Visual Studio Version 16
VisualStudioVersion = 16.0.30611.23
MinimumVisualStudioVersion = 10.0.40219.1
Project("{9A19103F-16F7-4668-BE54-9A1E7A4F7556}") = "Calculator_ANTLR", "Calculator_ANTLR\Calculator_ANTLR.csproj", "{587274C5-6A18-483A-882B-55718EC97D08}"
EndProject
Project("{FAE04EC0-301F-11D3-BF4B-00C04F79EFBC}") = "Calculator_ANTLR_tests", "Calculator_ANTLR_tests\Calculator_ANTLR_tests.csproj", "{676C9742-7835-4796-8665-6F948D0D2859}"
EndProject
Global
	GlobalSection(SolutionConfigurationPlatforms) = preSolution
		Debug|Any CPU = Debug|Any CPU
		Release|Any CPU = Release|Any CPU
	EndGlobalSection
	GlobalSection(ProjectConfigurationPlatforms) = postSolution
		{587274C5-6A18-483A-882B-55718EC97D08}.Debug|Any CPU.ActiveCfg = Debug|Any CPU
		{587274C5-6A18-483A-882B-55718EC97D08}.Debug|Any CPU.Build.0 = Debug|Any CPU
		{587274C5-6A18-483A-882B-55718EC97D08}.Release|Any CPU.ActiveCfg = Release|Any CPU
		{587274C5-6A18-483A-882B-55718EC97D08}.Release|Any CPU.Build.0 = Release|Any CPU
		{676C9742-7835-4796-8665-6F948D0D2859}.Debug|Any CPU.ActiveCfg = Debug|Any CPU
		{676C9742-7835-4796-8665-6F948D0D2859}.Debug|Any CPU.Build.0 = Debug|Any CPU
		{676C9742-7835-4796-8665-6F948D0D2859}.Release|Any CPU.ActiveCfg = Release|Any CPU
		{676C9742-7835-4796-8665-6F948D0D2859}.Release|Any CPU.Build.0 = Release|Any CPU
	EndGlobalSection
	GlobalSection(SolutionProperties) = preSolution
		HideSolutionNode = FALSE
	EndGlobalSection
	GlobalSection(ExtensibilityGlobals) = postSolution
		SolutionGuid = {F7A98D42-3D1A-442E-A63A-1476A64822DC}
	EndGlobalSection
EndGlobal
